{
  "name": "react-boilerplate",
  "version": "2.5.6",
  "lockfileVersion": 1,
  "requires": true,
  "dependencies": {
    "hoist-non-react-statics": {
      "version": "1.2.0",
      "resolved": "https://registry.npmjs.org/hoist-non-react-statics/-/hoist-non-react-statics-1.2.0.tgz",
      "integrity": "sha1-qkSM8JhtVcxAdzsXF0t90GbLfPs="
    },
    "lodash": {
      "version": "4.17.4",
      "resolved": "https://registry.npmjs.org/lodash/-/lodash-4.17.4.tgz",
      "integrity": "sha1-eCA6TRwyiuHYbcpkYONptX9AVa4="
    },
    "object-unfreeze": {
      "version": "1.1.0",
      "resolved": "https://registry.npmjs.org/object-unfreeze/-/object-unfreeze-1.1.0.tgz",
      "integrity": "sha1-aWKL6h88nSn06wumOzgALXDqPOk="
    },
    "react-css-modules": {
      "version": "4.7.1",
      "resolved": "https://registry.npmjs.org/react-css-modules/-/react-css-modules-4.7.1.tgz",
      "integrity": "sha1-CP/2XANHgLQ1LwobuHnKsO5D2CA=",
      "requires": {
        "hoist-non-react-statics": "1.2.0",
        "lodash": "4.17.4",
        "object-unfreeze": "1.1.0"
      }
    }
  }
}
